
Microsoft Visual Studio Solution File, Format Version 12.00
# Visual Studio Version 17
VisualStudioVersion = 17.14.36301.6
MinimumVisualStudioVersion = 10.0.40219.1
Project("{FAE04EC0-301F-11D3-BF4B-00C04F79EFBC}") = "ShopCam", "ShopCam\ShopCam.csproj", "{DD12645B-7B9E-D2A5-6269-2919A657E54E}"
EndProject
Global
	GlobalSection(SolutionConfigurationPlatforms) = preSolution
		Debug|Any CPU = Debug|Any CPU
		Release|Any CPU = Release|Any CPU
	EndGlobalSection
	GlobalSection(ProjectConfigurationPlatforms) = postSolution
		{DD12645B-7B9E-D2A5-6269-2919A657E54E}.Debug|Any CPU.ActiveCfg = Debug|Any CPU
		{DD12645B-7B9E-D2A5-6269-2919A657E54E}.Debug|Any CPU.Build.0 = Debug|Any CPU
		{DD12645B-7B9E-D2A5-6269-2919A657E54E}.Release|Any CPU.ActiveCfg = Release|Any CPU
		{DD12645B-7B9E-D2A5-6269-2919A657E54E}.Release|Any CPU.Build.0 = Release|Any CPU
	EndGlobalSection
	GlobalSection(SolutionProperties) = preSolution
		HideSolutionNode = FALSE
	EndGlobalSection
	GlobalSection(ExtensibilityGlobals) = postSolution
		SolutionGuid = {8AC0AC4A-CF92-428B-9E21-235F8578CEAE}
	EndGlobalSection
EndGlobal
